
Microsoft Visual Studio Solution File, Format Version 12.00
# Visual Studio Version 16
VisualStudioVersion = 16.0.29709.97
MinimumVisualStudioVersion = 10.0.40219.1
Project("{9A19103F-16F7-4668-BE54-9A1E7A4F7556}") = "Bol.Core", "Bol.Core\Bol.Core.csproj", "{9A8474E2-3006-482D-AA1E-B47ED1BE22E4}"
EndProject
Project("{9A19103F-16F7-4668-BE54-9A1E7A4F7556}") = "Bol.Core.Tests", "Bol.Core.Tests\Bol.Core.Tests.csproj", "{7BF1D2E4-051C-4DFA-BA9D-E1FC6A1063E5}"
EndProject
Project("{9A19103F-16F7-4668-BE54-9A1E7A4F7556}") = "neo", "neo\neo\neo.csproj", "{B6031D62-CCEB-44A2-86E4-078254123C7B}"
EndProject
Project("{9A19103F-16F7-4668-BE54-9A1E7A4F7556}") = "Bol.Api", "Bol.Api\Bol.Api.csproj", "{70BB23E2-E8DD-4468-8C16-FC54B72DF0E5}"
EndProject
Project("{9A19103F-16F7-4668-BE54-9A1E7A4F7556}") = "neo-cli", "neo-cli\neo-cli\neo-cli.csproj", "{4E7CB376-15EC-489D-92D2-DA9AB2FDFA94}"
EndProject
Project("{FAE04EC0-301F-11D3-BF4B-00C04F79EFBC}") = "Bol.Coin", "Bol.Coin\Bol.Coin.csproj", "{2438D468-3AD3-4541-A070-13BBD727D451}"
EndProject
Project("{9A19103F-16F7-4668-BE54-9A1E7A4F7556}") = "Bol.Cryptography", "Bol.Cryptography\Bol.Cryptography.csproj", "{9471E762-6B1C-4217-A3EC-27B5E7E01156}"
EndProject
Project("{9A19103F-16F7-4668-BE54-9A1E7A4F7556}") = "Bol.Cryptography.Neo", "Bol.Cryptography.Neo\Bol.Cryptography.Neo.csproj", "{DF423775-E39C-4911-B6E4-03F02BDA5F41}"
EndProject
Project("{9A19103F-16F7-4668-BE54-9A1E7A4F7556}") = "Bol.Address", "Bol.Address\Bol.Address.csproj", "{A5578AAA-BC98-4E37-926B-87D43B818999}"
EndProject
Project("{9A19103F-16F7-4668-BE54-9A1E7A4F7556}") = "Bol.Address.Neo", "Bol.Address.Neo\Bol.Address.Neo.csproj", "{803A8B7C-DD82-4A7F-BD22-F9A41085143B}"
EndProject
Project("{9A19103F-16F7-4668-BE54-9A1E7A4F7556}") = "Bol.Coin.Tests", "Bol.Coin.Tests\Bol.Coin.Tests.csproj", "{D4CF5C32-2B5D-4EF3-B8EB-591AC9DB811B}"
EndProject
Project("{FAE04EC0-301F-11D3-BF4B-00C04F79EFBC}") = "NEO-Emulator", "neo-debugger-tools\NEO-Emulator\NEO-Emulator.csproj", "{372429C2-71BE-41C2-92D0-5A9187BC238A}"
EndProject
Global
	GlobalSection(SolutionConfigurationPlatforms) = preSolution
		Debug|Any CPU = Debug|Any CPU
		Debug|ARM = Debug|ARM
		Debug|iPhone = Debug|iPhone
		Debug|iPhoneSimulator = Debug|iPhoneSimulator
		Debug|x64 = Debug|x64
		Debug|x86 = Debug|x86
		Release|Any CPU = Release|Any CPU
		Release|ARM = Release|ARM
		Release|iPhone = Release|iPhone
		Release|iPhoneSimulator = Release|iPhoneSimulator
		Release|x64 = Release|x64
		Release|x86 = Release|x86
	EndGlobalSection
	GlobalSection(ProjectConfigurationPlatforms) = postSolution
		{9A8474E2-3006-482D-AA1E-B47ED1BE22E4}.Debug|Any CPU.ActiveCfg = Debug|Any CPU
		{9A8474E2-3006-482D-AA1E-B47ED1BE22E4}.Debug|Any CPU.Build.0 = Debug|Any CPU
		{9A8474E2-3006-482D-AA1E-B47ED1BE22E4}.Debug|ARM.ActiveCfg = Debug|Any CPU
		{9A8474E2-3006-482D-AA1E-B47ED1BE22E4}.Debug|ARM.Build.0 = Debug|Any CPU
		{9A8474E2-3006-482D-AA1E-B47ED1BE22E4}.Debug|iPhone.ActiveCfg = Debug|Any CPU
		{9A8474E2-3006-482D-AA1E-B47ED1BE22E4}.Debug|iPhone.Build.0 = Debug|Any CPU
		{9A8474E2-3006-482D-AA1E-B47ED1BE22E4}.Debug|iPhoneSimulator.ActiveCfg = Debug|Any CPU
		{9A8474E2-3006-482D-AA1E-B47ED1BE22E4}.Debug|iPhoneSimulator.Build.0 = Debug|Any CPU
		{9A8474E2-3006-482D-AA1E-B47ED1BE22E4}.Debug|x64.ActiveCfg = Debug|Any CPU
		{9A8474E2-3006-482D-AA1E-B47ED1BE22E4}.Debug|x64.Build.0 = Debug|Any CPU
		{9A8474E2-3006-482D-AA1E-B47ED1BE22E4}.Debug|x86.ActiveCfg = Debug|Any CPU
		{9A8474E2-3006-482D-AA1E-B47ED1BE22E4}.Debug|x86.Build.0 = Debug|Any CPU
		{9A8474E2-3006-482D-AA1E-B47ED1BE22E4}.Release|Any CPU.ActiveCfg = Release|Any CPU
		{9A8474E2-3006-482D-AA1E-B47ED1BE22E4}.Release|Any CPU.Build.0 = Release|Any CPU
		{9A8474E2-3006-482D-AA1E-B47ED1BE22E4}.Release|ARM.ActiveCfg = Release|Any CPU
		{9A8474E2-3006-482D-AA1E-B47ED1BE22E4}.Release|ARM.Build.0 = Release|Any CPU
		{9A8474E2-3006-482D-AA1E-B47ED1BE22E4}.Release|iPhone.ActiveCfg = Release|Any CPU
		{9A8474E2-3006-482D-AA1E-B47ED1BE22E4}.Release|iPhone.Build.0 = Release|Any CPU
		{9A8474E2-3006-482D-AA1E-B47ED1BE22E4}.Release|iPhoneSimulator.ActiveCfg = Release|Any CPU
		{9A8474E2-3006-482D-AA1E-B47ED1BE22E4}.Release|iPhoneSimulator.Build.0 = Release|Any CPU
		{9A8474E2-3006-482D-AA1E-B47ED1BE22E4}.Release|x64.ActiveCfg = Release|Any CPU
		{9A8474E2-3006-482D-AA1E-B47ED1BE22E4}.Release|x64.Build.0 = Release|Any CPU
		{9A8474E2-3006-482D-AA1E-B47ED1BE22E4}.Release|x86.ActiveCfg = Release|Any CPU
		{9A8474E2-3006-482D-AA1E-B47ED1BE22E4}.Release|x86.Build.0 = Release|Any CPU
		{7BF1D2E4-051C-4DFA-BA9D-E1FC6A1063E5}.Debug|Any CPU.ActiveCfg = Debug|Any CPU
		{7BF1D2E4-051C-4DFA-BA9D-E1FC6A1063E5}.Debug|Any CPU.Build.0 = Debug|Any CPU
		{7BF1D2E4-051C-4DFA-BA9D-E1FC6A1063E5}.Debug|ARM.ActiveCfg = Debug|Any CPU
		{7BF1D2E4-051C-4DFA-BA9D-E1FC6A1063E5}.Debug|ARM.Build.0 = Debug|Any CPU
		{7BF1D2E4-051C-4DFA-BA9D-E1FC6A1063E5}.Debug|iPhone.ActiveCfg = Debug|Any CPU
		{7BF1D2E4-051C-4DFA-BA9D-E1FC6A1063E5}.Debug|iPhone.Build.0 = Debug|Any CPU
		{7BF1D2E4-051C-4DFA-BA9D-E1FC6A1063E5}.Debug|iPhoneSimulator.ActiveCfg = Debug|Any CPU
		{7BF1D2E4-051C-4DFA-BA9D-E1FC6A1063E5}.Debug|iPhoneSimulator.Build.0 = Debug|Any CPU
		{7BF1D2E4-051C-4DFA-BA9D-E1FC6A1063E5}.Debug|x64.ActiveCfg = Debug|Any CPU
		{7BF1D2E4-051C-4DFA-BA9D-E1FC6A1063E5}.Debug|x64.Build.0 = Debug|Any CPU
		{7BF1D2E4-051C-4DFA-BA9D-E1FC6A1063E5}.Debug|x86.ActiveCfg = Debug|Any CPU
		{7BF1D2E4-051C-4DFA-BA9D-E1FC6A1063E5}.Debug|x86.Build.0 = Debug|Any CPU
		{7BF1D2E4-051C-4DFA-BA9D-E1FC6A1063E5}.Release|Any CPU.ActiveCfg = Release|Any CPU
		{7BF1D2E4-051C-4DFA-BA9D-E1FC6A1063E5}.Release|Any CPU.Build.0 = Release|Any CPU
		{7BF1D2E4-051C-4DFA-BA9D-E1FC6A1063E5}.Release|ARM.ActiveCfg = Release|Any CPU
		{7BF1D2E4-051C-4DFA-BA9D-E1FC6A1063E5}.Release|ARM.Build.0 = Release|Any CPU
		{7BF1D2E4-051C-4DFA-BA9D-E1FC6A1063E5}.Release|iPhone.ActiveCfg = Release|Any CPU
		{7BF1D2E4-051C-4DFA-BA9D-E1FC6A1063E5}.Release|iPhone.Build.0 = Release|Any CPU
		{7BF1D2E4-051C-4DFA-BA9D-E1FC6A1063E5}.Release|iPhoneSimulator.ActiveCfg = Release|Any CPU
		{7BF1D2E4-051C-4DFA-BA9D-E1FC6A1063E5}.Release|iPhoneSimulator.Build.0 = Release|Any CPU
		{7BF1D2E4-051C-4DFA-BA9D-E1FC6A1063E5}.Release|x64.ActiveCfg = Release|Any CPU
		{7BF1D2E4-051C-4DFA-BA9D-E1FC6A1063E5}.Release|x64.Build.0 = Release|Any CPU
		{7BF1D2E4-051C-4DFA-BA9D-E1FC6A1063E5}.Release|x86.ActiveCfg = Release|Any CPU
		{7BF1D2E4-051C-4DFA-BA9D-E1FC6A1063E5}.Release|x86.Build.0 = Release|Any CPU
		{B6031D62-CCEB-44A2-86E4-078254123C7B}.Debug|Any CPU.ActiveCfg = Debug|Any CPU
		{B6031D62-CCEB-44A2-86E4-078254123C7B}.Debug|Any CPU.Build.0 = Debug|Any CPU
		{B6031D62-CCEB-44A2-86E4-078254123C7B}.Debug|ARM.ActiveCfg = Debug|Any CPU
		{B6031D62-CCEB-44A2-86E4-078254123C7B}.Debug|ARM.Build.0 = Debug|Any CPU
		{B6031D62-CCEB-44A2-86E4-078254123C7B}.Debug|iPhone.ActiveCfg = Debug|Any CPU
		{B6031D62-CCEB-44A2-86E4-078254123C7B}.Debug|iPhone.Build.0 = Debug|Any CPU
		{B6031D62-CCEB-44A2-86E4-078254123C7B}.Debug|iPhoneSimulator.ActiveCfg = Debug|Any CPU
		{B6031D62-CCEB-44A2-86E4-078254123C7B}.Debug|iPhoneSimulator.Build.0 = Debug|Any CPU
		{B6031D62-CCEB-44A2-86E4-078254123C7B}.Debug|x64.ActiveCfg = Debug|Any CPU
		{B6031D62-CCEB-44A2-86E4-078254123C7B}.Debug|x64.Build.0 = Debug|Any CPU
		{B6031D62-CCEB-44A2-86E4-078254123C7B}.Debug|x86.ActiveCfg = Debug|Any CPU
		{B6031D62-CCEB-44A2-86E4-078254123C7B}.Debug|x86.Build.0 = Debug|Any CPU
		{B6031D62-CCEB-44A2-86E4-078254123C7B}.Release|Any CPU.ActiveCfg = Release|Any CPU
		{B6031D62-CCEB-44A2-86E4-078254123C7B}.Release|Any CPU.Build.0 = Release|Any CPU
		{B6031D62-CCEB-44A2-86E4-078254123C7B}.Release|ARM.ActiveCfg = Release|Any CPU
		{B6031D62-CCEB-44A2-86E4-078254123C7B}.Release|ARM.Build.0 = Release|Any CPU
		{B6031D62-CCEB-44A2-86E4-078254123C7B}.Release|iPhone.ActiveCfg = Release|Any CPU
		{B6031D62-CCEB-44A2-86E4-078254123C7B}.Release|iPhone.Build.0 = Release|Any CPU
		{B6031D62-CCEB-44A2-86E4-078254123C7B}.Release|iPhoneSimulator.ActiveCfg = Release|Any CPU
		{B6031D62-CCEB-44A2-86E4-078254123C7B}.Release|iPhoneSimulator.Build.0 = Release|Any CPU
		{B6031D62-CCEB-44A2-86E4-078254123C7B}.Release|x64.ActiveCfg = Release|Any CPU
		{B6031D62-CCEB-44A2-86E4-078254123C7B}.Release|x64.Build.0 = Release|Any CPU
		{B6031D62-CCEB-44A2-86E4-078254123C7B}.Release|x86.ActiveCfg = Release|Any CPU
		{B6031D62-CCEB-44A2-86E4-078254123C7B}.Release|x86.Build.0 = Release|Any CPU
		{70BB23E2-E8DD-4468-8C16-FC54B72DF0E5}.Debug|Any CPU.ActiveCfg = Debug|Any CPU
		{70BB23E2-E8DD-4468-8C16-FC54B72DF0E5}.Debug|Any CPU.Build.0 = Debug|Any CPU
		{70BB23E2-E8DD-4468-8C16-FC54B72DF0E5}.Debug|ARM.ActiveCfg = Debug|Any CPU
		{70BB23E2-E8DD-4468-8C16-FC54B72DF0E5}.Debug|ARM.Build.0 = Debug|Any CPU
		{70BB23E2-E8DD-4468-8C16-FC54B72DF0E5}.Debug|iPhone.ActiveCfg = Debug|Any CPU
		{70BB23E2-E8DD-4468-8C16-FC54B72DF0E5}.Debug|iPhone.Build.0 = Debug|Any CPU
		{70BB23E2-E8DD-4468-8C16-FC54B72DF0E5}.Debug|iPhoneSimulator.ActiveCfg = Debug|Any CPU
		{70BB23E2-E8DD-4468-8C16-FC54B72DF0E5}.Debug|iPhoneSimulator.Build.0 = Debug|Any CPU
		{70BB23E2-E8DD-4468-8C16-FC54B72DF0E5}.Debug|x64.ActiveCfg = Debug|Any CPU
		{70BB23E2-E8DD-4468-8C16-FC54B72DF0E5}.Debug|x64.Build.0 = Debug|Any CPU
		{70BB23E2-E8DD-4468-8C16-FC54B72DF0E5}.Debug|x86.ActiveCfg = Debug|Any CPU
		{70BB23E2-E8DD-4468-8C16-FC54B72DF0E5}.Debug|x86.Build.0 = Debug|Any CPU
		{70BB23E2-E8DD-4468-8C16-FC54B72DF0E5}.Release|Any CPU.ActiveCfg = Release|Any CPU
		{70BB23E2-E8DD-4468-8C16-FC54B72DF0E5}.Release|Any CPU.Build.0 = Release|Any CPU
		{70BB23E2-E8DD-4468-8C16-FC54B72DF0E5}.Release|ARM.ActiveCfg = Release|Any CPU
		{70BB23E2-E8DD-4468-8C16-FC54B72DF0E5}.Release|ARM.Build.0 = Release|Any CPU
		{70BB23E2-E8DD-4468-8C16-FC54B72DF0E5}.Release|iPhone.ActiveCfg = Release|Any CPU
		{70BB23E2-E8DD-4468-8C16-FC54B72DF0E5}.Release|iPhone.Build.0 = Release|Any CPU
		{70BB23E2-E8DD-4468-8C16-FC54B72DF0E5}.Release|iPhoneSimulator.ActiveCfg = Release|Any CPU
		{70BB23E2-E8DD-4468-8C16-FC54B72DF0E5}.Release|iPhoneSimulator.Build.0 = Release|Any CPU
		{70BB23E2-E8DD-4468-8C16-FC54B72DF0E5}.Release|x64.ActiveCfg = Release|Any CPU
		{70BB23E2-E8DD-4468-8C16-FC54B72DF0E5}.Release|x64.Build.0 = Release|Any CPU
		{70BB23E2-E8DD-4468-8C16-FC54B72DF0E5}.Release|x86.ActiveCfg = Release|Any CPU
		{70BB23E2-E8DD-4468-8C16-FC54B72DF0E5}.Release|x86.Build.0 = Release|Any CPU
		{4E7CB376-15EC-489D-92D2-DA9AB2FDFA94}.Debug|Any CPU.ActiveCfg = Debug|Any CPU
		{4E7CB376-15EC-489D-92D2-DA9AB2FDFA94}.Debug|Any CPU.Build.0 = Debug|Any CPU
		{4E7CB376-15EC-489D-92D2-DA9AB2FDFA94}.Debug|ARM.ActiveCfg = Debug|Any CPU
		{4E7CB376-15EC-489D-92D2-DA9AB2FDFA94}.Debug|ARM.Build.0 = Debug|Any CPU
		{4E7CB376-15EC-489D-92D2-DA9AB2FDFA94}.Debug|iPhone.ActiveCfg = Debug|Any CPU
		{4E7CB376-15EC-489D-92D2-DA9AB2FDFA94}.Debug|iPhone.Build.0 = Debug|Any CPU
		{4E7CB376-15EC-489D-92D2-DA9AB2FDFA94}.Debug|iPhoneSimulator.ActiveCfg = Debug|Any CPU
		{4E7CB376-15EC-489D-92D2-DA9AB2FDFA94}.Debug|iPhoneSimulator.Build.0 = Debug|Any CPU
		{4E7CB376-15EC-489D-92D2-DA9AB2FDFA94}.Debug|x64.ActiveCfg = Debug|Any CPU
		{4E7CB376-15EC-489D-92D2-DA9AB2FDFA94}.Debug|x64.Build.0 = Debug|Any CPU
		{4E7CB376-15EC-489D-92D2-DA9AB2FDFA94}.Debug|x86.ActiveCfg = Debug|Any CPU
		{4E7CB376-15EC-489D-92D2-DA9AB2FDFA94}.Debug|x86.Build.0 = Debug|Any CPU
		{4E7CB376-15EC-489D-92D2-DA9AB2FDFA94}.Release|Any CPU.ActiveCfg = Release|Any CPU
		{4E7CB376-15EC-489D-92D2-DA9AB2FDFA94}.Release|Any CPU.Build.0 = Release|Any CPU
		{4E7CB376-15EC-489D-92D2-DA9AB2FDFA94}.Release|ARM.ActiveCfg = Release|Any CPU
		{4E7CB376-15EC-489D-92D2-DA9AB2FDFA94}.Release|ARM.Build.0 = Release|Any CPU
		{4E7CB376-15EC-489D-92D2-DA9AB2FDFA94}.Release|iPhone.ActiveCfg = Release|Any CPU
		{4E7CB376-15EC-489D-92D2-DA9AB2FDFA94}.Release|iPhone.Build.0 = Release|Any CPU
		{4E7CB376-15EC-489D-92D2-DA9AB2FDFA94}.Release|iPhoneSimulator.ActiveCfg = Release|Any CPU
		{4E7CB376-15EC-489D-92D2-DA9AB2FDFA94}.Release|iPhoneSimulator.Build.0 = Release|Any CPU
		{4E7CB376-15EC-489D-92D2-DA9AB2FDFA94}.Release|x64.ActiveCfg = Release|Any CPU
		{4E7CB376-15EC-489D-92D2-DA9AB2FDFA94}.Release|x64.Build.0 = Release|Any CPU
		{4E7CB376-15EC-489D-92D2-DA9AB2FDFA94}.Release|x86.ActiveCfg = Release|Any CPU
		{4E7CB376-15EC-489D-92D2-DA9AB2FDFA94}.Release|x86.Build.0 = Release|Any CPU
		{2438D468-3AD3-4541-A070-13BBD727D451}.Debug|Any CPU.ActiveCfg = Debug|Any CPU
		{2438D468-3AD3-4541-A070-13BBD727D451}.Debug|Any CPU.Build.0 = Debug|Any CPU
		{2438D468-3AD3-4541-A070-13BBD727D451}.Debug|ARM.ActiveCfg = Debug|Any CPU
		{2438D468-3AD3-4541-A070-13BBD727D451}.Debug|ARM.Build.0 = Debug|Any CPU
		{2438D468-3AD3-4541-A070-13BBD727D451}.Debug|iPhone.ActiveCfg = Debug|Any CPU
		{2438D468-3AD3-4541-A070-13BBD727D451}.Debug|iPhone.Build.0 = Debug|Any CPU
		{2438D468-3AD3-4541-A070-13BBD727D451}.Debug|iPhoneSimulator.ActiveCfg = Debug|Any CPU
		{2438D468-3AD3-4541-A070-13BBD727D451}.Debug|iPhoneSimulator.Build.0 = Debug|Any CPU
		{2438D468-3AD3-4541-A070-13BBD727D451}.Debug|x64.ActiveCfg = Debug|Any CPU
		{2438D468-3AD3-4541-A070-13BBD727D451}.Debug|x64.Build.0 = Debug|Any CPU
		{2438D468-3AD3-4541-A070-13BBD727D451}.Debug|x86.ActiveCfg = Debug|Any CPU
		{2438D468-3AD3-4541-A070-13BBD727D451}.Debug|x86.Build.0 = Debug|Any CPU
		{2438D468-3AD3-4541-A070-13BBD727D451}.Release|Any CPU.ActiveCfg = Release|Any CPU
		{2438D468-3AD3-4541-A070-13BBD727D451}.Release|Any CPU.Build.0 = Release|Any CPU
		{2438D468-3AD3-4541-A070-13BBD727D451}.Release|ARM.ActiveCfg = Release|Any CPU
		{2438D468-3AD3-4541-A070-13BBD727D451}.Release|ARM.Build.0 = Release|Any CPU
		{2438D468-3AD3-4541-A070-13BBD727D451}.Release|iPhone.ActiveCfg = Release|Any CPU
		{2438D468-3AD3-4541-A070-13BBD727D451}.Release|iPhone.Build.0 = Release|Any CPU
		{2438D468-3AD3-4541-A070-13BBD727D451}.Release|iPhoneSimulator.ActiveCfg = Release|Any CPU
		{2438D468-3AD3-4541-A070-13BBD727D451}.Release|iPhoneSimulator.Build.0 = Release|Any CPU
		{2438D468-3AD3-4541-A070-13BBD727D451}.Release|x64.ActiveCfg = Release|Any CPU
		{2438D468-3AD3-4541-A070-13BBD727D451}.Release|x64.Build.0 = Release|Any CPU
		{2438D468-3AD3-4541-A070-13BBD727D451}.Release|x86.ActiveCfg = Release|Any CPU
		{2438D468-3AD3-4541-A070-13BBD727D451}.Release|x86.Build.0 = Release|Any CPU
		{9471E762-6B1C-4217-A3EC-27B5E7E01156}.Debug|Any CPU.ActiveCfg = Debug|Any CPU
		{9471E762-6B1C-4217-A3EC-27B5E7E01156}.Debug|Any CPU.Build.0 = Debug|Any CPU
		{9471E762-6B1C-4217-A3EC-27B5E7E01156}.Debug|ARM.ActiveCfg = Debug|Any CPU
		{9471E762-6B1C-4217-A3EC-27B5E7E01156}.Debug|ARM.Build.0 = Debug|Any CPU
		{9471E762-6B1C-4217-A3EC-27B5E7E01156}.Debug|iPhone.ActiveCfg = Debug|Any CPU
		{9471E762-6B1C-4217-A3EC-27B5E7E01156}.Debug|iPhone.Build.0 = Debug|Any CPU
		{9471E762-6B1C-4217-A3EC-27B5E7E01156}.Debug|iPhoneSimulator.ActiveCfg = Debug|Any CPU
		{9471E762-6B1C-4217-A3EC-27B5E7E01156}.Debug|iPhoneSimulator.Build.0 = Debug|Any CPU
		{9471E762-6B1C-4217-A3EC-27B5E7E01156}.Debug|x64.ActiveCfg = Debug|Any CPU
		{9471E762-6B1C-4217-A3EC-27B5E7E01156}.Debug|x64.Build.0 = Debug|Any CPU
		{9471E762-6B1C-4217-A3EC-27B5E7E01156}.Debug|x86.ActiveCfg = Debug|Any CPU
		{9471E762-6B1C-4217-A3EC-27B5E7E01156}.Debug|x86.Build.0 = Debug|Any CPU
		{9471E762-6B1C-4217-A3EC-27B5E7E01156}.Release|Any CPU.ActiveCfg = Release|Any CPU
		{9471E762-6B1C-4217-A3EC-27B5E7E01156}.Release|Any CPU.Build.0 = Release|Any CPU
		{9471E762-6B1C-4217-A3EC-27B5E7E01156}.Release|ARM.ActiveCfg = Release|Any CPU
		{9471E762-6B1C-4217-A3EC-27B5E7E01156}.Release|ARM.Build.0 = Release|Any CPU
		{9471E762-6B1C-4217-A3EC-27B5E7E01156}.Release|iPhone.ActiveCfg = Release|Any CPU
		{9471E762-6B1C-4217-A3EC-27B5E7E01156}.Release|iPhone.Build.0 = Release|Any CPU
		{9471E762-6B1C-4217-A3EC-27B5E7E01156}.Release|iPhoneSimulator.ActiveCfg = Release|Any CPU
		{9471E762-6B1C-4217-A3EC-27B5E7E01156}.Release|iPhoneSimulator.Build.0 = Release|Any CPU
		{9471E762-6B1C-4217-A3EC-27B5E7E01156}.Release|x64.ActiveCfg = Release|Any CPU
		{9471E762-6B1C-4217-A3EC-27B5E7E01156}.Release|x64.Build.0 = Release|Any CPU
		{9471E762-6B1C-4217-A3EC-27B5E7E01156}.Release|x86.ActiveCfg = Release|Any CPU
		{9471E762-6B1C-4217-A3EC-27B5E7E01156}.Release|x86.Build.0 = Release|Any CPU
		{DF423775-E39C-4911-B6E4-03F02BDA5F41}.Debug|Any CPU.ActiveCfg = Debug|Any CPU
		{DF423775-E39C-4911-B6E4-03F02BDA5F41}.Debug|Any CPU.Build.0 = Debug|Any CPU
		{DF423775-E39C-4911-B6E4-03F02BDA5F41}.Debug|ARM.ActiveCfg = Debug|Any CPU
		{DF423775-E39C-4911-B6E4-03F02BDA5F41}.Debug|ARM.Build.0 = Debug|Any CPU
		{DF423775-E39C-4911-B6E4-03F02BDA5F41}.Debug|iPhone.ActiveCfg = Debug|Any CPU
		{DF423775-E39C-4911-B6E4-03F02BDA5F41}.Debug|iPhone.Build.0 = Debug|Any CPU
		{DF423775-E39C-4911-B6E4-03F02BDA5F41}.Debug|iPhoneSimulator.ActiveCfg = Debug|Any CPU
		{DF423775-E39C-4911-B6E4-03F02BDA5F41}.Debug|iPhoneSimulator.Build.0 = Debug|Any CPU
		{DF423775-E39C-4911-B6E4-03F02BDA5F41}.Debug|x64.ActiveCfg = Debug|Any CPU
		{DF423775-E39C-4911-B6E4-03F02BDA5F41}.Debug|x64.Build.0 = Debug|Any CPU
		{DF423775-E39C-4911-B6E4-03F02BDA5F41}.Debug|x86.ActiveCfg = Debug|Any CPU
		{DF423775-E39C-4911-B6E4-03F02BDA5F41}.Debug|x86.Build.0 = Debug|Any CPU
		{DF423775-E39C-4911-B6E4-03F02BDA5F41}.Release|Any CPU.ActiveCfg = Release|Any CPU
		{DF423775-E39C-4911-B6E4-03F02BDA5F41}.Release|Any CPU.Build.0 = Release|Any CPU
		{DF423775-E39C-4911-B6E4-03F02BDA5F41}.Release|ARM.ActiveCfg = Release|Any CPU
		{DF423775-E39C-4911-B6E4-03F02BDA5F41}.Release|ARM.Build.0 = Release|Any CPU
		{DF423775-E39C-4911-B6E4-03F02BDA5F41}.Release|iPhone.ActiveCfg = Release|Any CPU
		{DF423775-E39C-4911-B6E4-03F02BDA5F41}.Release|iPhone.Build.0 = Release|Any CPU
		{DF423775-E39C-4911-B6E4-03F02BDA5F41}.Release|iPhoneSimulator.ActiveCfg = Release|Any CPU
		{DF423775-E39C-4911-B6E4-03F02BDA5F41}.Release|iPhoneSimulator.Build.0 = Release|Any CPU
		{DF423775-E39C-4911-B6E4-03F02BDA5F41}.Release|x64.ActiveCfg = Release|Any CPU
		{DF423775-E39C-4911-B6E4-03F02BDA5F41}.Release|x64.Build.0 = Release|Any CPU
		{DF423775-E39C-4911-B6E4-03F02BDA5F41}.Release|x86.ActiveCfg = Release|Any CPU
		{DF423775-E39C-4911-B6E4-03F02BDA5F41}.Release|x86.Build.0 = Release|Any CPU
		{A5578AAA-BC98-4E37-926B-87D43B818999}.Debug|Any CPU.ActiveCfg = Debug|Any CPU
		{A5578AAA-BC98-4E37-926B-87D43B818999}.Debug|Any CPU.Build.0 = Debug|Any CPU
		{A5578AAA-BC98-4E37-926B-87D43B818999}.Debug|ARM.ActiveCfg = Debug|Any CPU
		{A5578AAA-BC98-4E37-926B-87D43B818999}.Debug|ARM.Build.0 = Debug|Any CPU
		{A5578AAA-BC98-4E37-926B-87D43B818999}.Debug|iPhone.ActiveCfg = Debug|Any CPU
		{A5578AAA-BC98-4E37-926B-87D43B818999}.Debug|iPhone.Build.0 = Debug|Any CPU
		{A5578AAA-BC98-4E37-926B-87D43B818999}.Debug|iPhoneSimulator.ActiveCfg = Debug|Any CPU
		{A5578AAA-BC98-4E37-926B-87D43B818999}.Debug|iPhoneSimulator.Build.0 = Debug|Any CPU
		{A5578AAA-BC98-4E37-926B-87D43B818999}.Debug|x64.ActiveCfg = Debug|Any CPU
		{A5578AAA-BC98-4E37-926B-87D43B818999}.Debug|x64.Build.0 = Debug|Any CPU
		{A5578AAA-BC98-4E37-926B-87D43B818999}.Debug|x86.ActiveCfg = Debug|Any CPU
		{A5578AAA-BC98-4E37-926B-87D43B818999}.Debug|x86.Build.0 = Debug|Any CPU
		{A5578AAA-BC98-4E37-926B-87D43B818999}.Release|Any CPU.ActiveCfg = Release|Any CPU
		{A5578AAA-BC98-4E37-926B-87D43B818999}.Release|Any CPU.Build.0 = Release|Any CPU
		{A5578AAA-BC98-4E37-926B-87D43B818999}.Release|ARM.ActiveCfg = Release|Any CPU
		{A5578AAA-BC98-4E37-926B-87D43B818999}.Release|ARM.Build.0 = Release|Any CPU
		{A5578AAA-BC98-4E37-926B-87D43B818999}.Release|iPhone.ActiveCfg = Release|Any CPU
		{A5578AAA-BC98-4E37-926B-87D43B818999}.Release|iPhone.Build.0 = Release|Any CPU
		{A5578AAA-BC98-4E37-926B-87D43B818999}.Release|iPhoneSimulator.ActiveCfg = Release|Any CPU
		{A5578AAA-BC98-4E37-926B-87D43B818999}.Release|iPhoneSimulator.Build.0 = Release|Any CPU
		{A5578AAA-BC98-4E37-926B-87D43B818999}.Release|x64.ActiveCfg = Release|Any CPU
		{A5578AAA-BC98-4E37-926B-87D43B818999}.Release|x64.Build.0 = Release|Any CPU
		{A5578AAA-BC98-4E37-926B-87D43B818999}.Release|x86.ActiveCfg = Release|Any CPU
		{A5578AAA-BC98-4E37-926B-87D43B818999}.Release|x86.Build.0 = Release|Any CPU
		{803A8B7C-DD82-4A7F-BD22-F9A41085143B}.Debug|Any CPU.ActiveCfg = Debug|Any CPU
		{803A8B7C-DD82-4A7F-BD22-F9A41085143B}.Debug|Any CPU.Build.0 = Debug|Any CPU
		{803A8B7C-DD82-4A7F-BD22-F9A41085143B}.Debug|ARM.ActiveCfg = Debug|Any CPU
		{803A8B7C-DD82-4A7F-BD22-F9A41085143B}.Debug|ARM.Build.0 = Debug|Any CPU
		{803A8B7C-DD82-4A7F-BD22-F9A41085143B}.Debug|iPhone.ActiveCfg = Debug|Any CPU
		{803A8B7C-DD82-4A7F-BD22-F9A41085143B}.Debug|iPhone.Build.0 = Debug|Any CPU
		{803A8B7C-DD82-4A7F-BD22-F9A41085143B}.Debug|iPhoneSimulator.ActiveCfg = Debug|Any CPU
		{803A8B7C-DD82-4A7F-BD22-F9A41085143B}.Debug|iPhoneSimulator.Build.0 = Debug|Any CPU
		{803A8B7C-DD82-4A7F-BD22-F9A41085143B}.Debug|x64.ActiveCfg = Debug|Any CPU
		{803A8B7C-DD82-4A7F-BD22-F9A41085143B}.Debug|x64.Build.0 = Debug|Any CPU
		{803A8B7C-DD82-4A7F-BD22-F9A41085143B}.Debug|x86.ActiveCfg = Debug|Any CPU
		{803A8B7C-DD82-4A7F-BD22-F9A41085143B}.Debug|x86.Build.0 = Debug|Any CPU
		{803A8B7C-DD82-4A7F-BD22-F9A41085143B}.Release|Any CPU.ActiveCfg = Release|Any CPU
		{803A8B7C-DD82-4A7F-BD22-F9A41085143B}.Release|Any CPU.Build.0 = Release|Any CPU
		{803A8B7C-DD82-4A7F-BD22-F9A41085143B}.Release|ARM.ActiveCfg = Release|Any CPU
		{803A8B7C-DD82-4A7F-BD22-F9A41085143B}.Release|ARM.Build.0 = Release|Any CPU
		{803A8B7C-DD82-4A7F-BD22-F9A41085143B}.Release|iPhone.ActiveCfg = Release|Any CPU
		{803A8B7C-DD82-4A7F-BD22-F9A41085143B}.Release|iPhone.Build.0 = Release|Any CPU
		{803A8B7C-DD82-4A7F-BD22-F9A41085143B}.Release|iPhoneSimulator.ActiveCfg = Release|Any CPU
		{803A8B7C-DD82-4A7F-BD22-F9A41085143B}.Release|iPhoneSimulator.Build.0 = Release|Any CPU
		{803A8B7C-DD82-4A7F-BD22-F9A41085143B}.Release|x64.ActiveCfg = Release|Any CPU
		{803A8B7C-DD82-4A7F-BD22-F9A41085143B}.Release|x64.Build.0 = Release|Any CPU
		{803A8B7C-DD82-4A7F-BD22-F9A41085143B}.Release|x86.ActiveCfg = Release|Any CPU
		{803A8B7C-DD82-4A7F-BD22-F9A41085143B}.Release|x86.Build.0 = Release|Any CPU
		{D4CF5C32-2B5D-4EF3-B8EB-591AC9DB811B}.Debug|Any CPU.ActiveCfg = Debug|Any CPU
		{D4CF5C32-2B5D-4EF3-B8EB-591AC9DB811B}.Debug|Any CPU.Build.0 = Debug|Any CPU
		{D4CF5C32-2B5D-4EF3-B8EB-591AC9DB811B}.Debug|ARM.ActiveCfg = Debug|Any CPU
		{D4CF5C32-2B5D-4EF3-B8EB-591AC9DB811B}.Debug|ARM.Build.0 = Debug|Any CPU
		{D4CF5C32-2B5D-4EF3-B8EB-591AC9DB811B}.Debug|iPhone.ActiveCfg = Debug|Any CPU
		{D4CF5C32-2B5D-4EF3-B8EB-591AC9DB811B}.Debug|iPhone.Build.0 = Debug|Any CPU
		{D4CF5C32-2B5D-4EF3-B8EB-591AC9DB811B}.Debug|iPhoneSimulator.ActiveCfg = Debug|Any CPU
		{D4CF5C32-2B5D-4EF3-B8EB-591AC9DB811B}.Debug|iPhoneSimulator.Build.0 = Debug|Any CPU
		{D4CF5C32-2B5D-4EF3-B8EB-591AC9DB811B}.Debug|x64.ActiveCfg = Debug|Any CPU
		{D4CF5C32-2B5D-4EF3-B8EB-591AC9DB811B}.Debug|x64.Build.0 = Debug|Any CPU
		{D4CF5C32-2B5D-4EF3-B8EB-591AC9DB811B}.Debug|x86.ActiveCfg = Debug|Any CPU
		{D4CF5C32-2B5D-4EF3-B8EB-591AC9DB811B}.Debug|x86.Build.0 = Debug|Any CPU
		{D4CF5C32-2B5D-4EF3-B8EB-591AC9DB811B}.Release|Any CPU.ActiveCfg = Release|Any CPU
		{D4CF5C32-2B5D-4EF3-B8EB-591AC9DB811B}.Release|Any CPU.Build.0 = Release|Any CPU
		{D4CF5C32-2B5D-4EF3-B8EB-591AC9DB811B}.Release|ARM.ActiveCfg = Release|Any CPU
		{D4CF5C32-2B5D-4EF3-B8EB-591AC9DB811B}.Release|ARM.Build.0 = Release|Any CPU
		{D4CF5C32-2B5D-4EF3-B8EB-591AC9DB811B}.Release|iPhone.ActiveCfg = Release|Any CPU
		{D4CF5C32-2B5D-4EF3-B8EB-591AC9DB811B}.Release|iPhone.Build.0 = Release|Any CPU
		{D4CF5C32-2B5D-4EF3-B8EB-591AC9DB811B}.Release|iPhoneSimulator.ActiveCfg = Release|Any CPU
		{D4CF5C32-2B5D-4EF3-B8EB-591AC9DB811B}.Release|iPhoneSimulator.Build.0 = Release|Any CPU
		{D4CF5C32-2B5D-4EF3-B8EB-591AC9DB811B}.Release|x64.ActiveCfg = Release|Any CPU
		{D4CF5C32-2B5D-4EF3-B8EB-591AC9DB811B}.Release|x64.Build.0 = Release|Any CPU
		{D4CF5C32-2B5D-4EF3-B8EB-591AC9DB811B}.Release|x86.ActiveCfg = Release|Any CPU
		{D4CF5C32-2B5D-4EF3-B8EB-591AC9DB811B}.Release|x86.Build.0 = Release|Any CPU
		{372429C2-71BE-41C2-92D0-5A9187BC238A}.Debug|Any CPU.ActiveCfg = Debug|Any CPU
		{372429C2-71BE-41C2-92D0-5A9187BC238A}.Debug|Any CPU.Build.0 = Debug|Any CPU
		{372429C2-71BE-41C2-92D0-5A9187BC238A}.Debug|ARM.ActiveCfg = Debug|Any CPU
		{372429C2-71BE-41C2-92D0-5A9187BC238A}.Debug|ARM.Build.0 = Debug|Any CPU
		{372429C2-71BE-41C2-92D0-5A9187BC238A}.Debug|iPhone.ActiveCfg = Debug|Any CPU
		{372429C2-71BE-41C2-92D0-5A9187BC238A}.Debug|iPhone.Build.0 = Debug|Any CPU
		{372429C2-71BE-41C2-92D0-5A9187BC238A}.Debug|iPhoneSimulator.ActiveCfg = Debug|Any CPU
		{372429C2-71BE-41C2-92D0-5A9187BC238A}.Debug|iPhoneSimulator.Build.0 = Debug|Any CPU
		{372429C2-71BE-41C2-92D0-5A9187BC238A}.Debug|x64.ActiveCfg = Debug|Any CPU
		{372429C2-71BE-41C2-92D0-5A9187BC238A}.Debug|x64.Build.0 = Debug|Any CPU
		{372429C2-71BE-41C2-92D0-5A9187BC238A}.Debug|x86.ActiveCfg = Debug|Any CPU
		{372429C2-71BE-41C2-92D0-5A9187BC238A}.Debug|x86.Build.0 = Debug|Any CPU
		{372429C2-71BE-41C2-92D0-5A9187BC238A}.Release|Any CPU.ActiveCfg = Release|Any CPU
		{372429C2-71BE-41C2-92D0-5A9187BC238A}.Release|Any CPU.Build.0 = Release|Any CPU
		{372429C2-71BE-41C2-92D0-5A9187BC238A}.Release|ARM.ActiveCfg = Release|Any CPU
		{372429C2-71BE-41C2-92D0-5A9187BC238A}.Release|ARM.Build.0 = Release|Any CPU
		{372429C2-71BE-41C2-92D0-5A9187BC238A}.Release|iPhone.ActiveCfg = Release|Any CPU
		{372429C2-71BE-41C2-92D0-5A9187BC238A}.Release|iPhone.Build.0 = Release|Any CPU
		{372429C2-71BE-41C2-92D0-5A9187BC238A}.Release|iPhoneSimulator.ActiveCfg = Release|Any CPU
		{372429C2-71BE-41C2-92D0-5A9187BC238A}.Release|iPhoneSimulator.Build.0 = Release|Any CPU
		{372429C2-71BE-41C2-92D0-5A9187BC238A}.Release|x64.ActiveCfg = Release|Any CPU
		{372429C2-71BE-41C2-92D0-5A9187BC238A}.Release|x64.Build.0 = Release|Any CPU
		{372429C2-71BE-41C2-92D0-5A9187BC238A}.Release|x86.ActiveCfg = Release|Any CPU
		{372429C2-71BE-41C2-92D0-5A9187BC238A}.Release|x86.Build.0 = Release|Any CPU
	EndGlobalSection
	GlobalSection(SolutionProperties) = preSolution
		HideSolutionNode = FALSE
	EndGlobalSection
	GlobalSection(ExtensibilityGlobals) = postSolution
		SolutionGuid = {7914BD83-74A0-4B62-A566-650E56BCE97C}
	EndGlobalSection
EndGlobal
