
Microsoft Visual Studio Solution File, Format Version 12.00
# Visual Studio 15
VisualStudioVersion = 15.0.27703.2042
MinimumVisualStudioVersion = 10.0.40219.1
Project("{9A19103F-16F7-4668-BE54-9A1E7A4F7556}") = "Bol.Core", "Bol.Core\Bol.Core.csproj", "{9A8474E2-3006-482D-AA1E-B47ED1BE22E4}"
EndProject
Project("{9A19103F-16F7-4668-BE54-9A1E7A4F7556}") = "Bol.Core.Tests", "Bol.Core.Tests\Bol.Core.Tests.csproj", "{7BF1D2E4-051C-4DFA-BA9D-E1FC6A1063E5}"
EndProject
Project("{9A19103F-16F7-4668-BE54-9A1E7A4F7556}") = "neo", "neo\neo\neo.csproj", "{B6031D62-CCEB-44A2-86E4-078254123C7B}"
EndProject
Project("{2150E333-8FDC-42A3-9474-1A3956D46DE8}") = "neo-vm", "neo-vm", "{5CF69506-912D-4875-B3C3-98E347568C31}"
EndProject
Project("{2150E333-8FDC-42A3-9474-1A3956D46DE8}") = "src", "src", "{5DCF57C3-9492-4B78-BEC6-3AD7BAB28F7C}"
EndProject
Project("{FAE04EC0-301F-11D3-BF4B-00C04F79EFBC}") = "neo-vm", "neo-vm\src\neo-vm\neo-vm.csproj", "{98D97AAE-1586-4D44-9304-CA962B1639AA}"
EndProject
Project("{2150E333-8FDC-42A3-9474-1A3956D46DE8}") = "neo-cli", "neo-cli", "{312CEBAA-7AA8-406C-90BE-16D35641968D}"
EndProject
Project("{FAE04EC0-301F-11D3-BF4B-00C04F79EFBC}") = "neo-cli", "neo-cli\neo-cli\neo-cli.csproj", "{3FE55D16-3740-4FA6-803B-5086B356603E}"
EndProject
Project("{FAE04EC0-301F-11D3-BF4B-00C04F79EFBC}") = "Bol.Api", "Bol.Api\Bol.Api.csproj", "{70BB23E2-E8DD-4468-8C16-FC54B72DF0E5}"
EndProject
Global
	GlobalSection(SolutionConfigurationPlatforms) = preSolution
		Debug|Any CPU = Debug|Any CPU
		Debug|ARM = Debug|ARM
		Debug|iPhone = Debug|iPhone
		Debug|iPhoneSimulator = Debug|iPhoneSimulator
		Debug|x64 = Debug|x64
		Debug|x86 = Debug|x86
		Release|Any CPU = Release|Any CPU
		Release|ARM = Release|ARM
		Release|iPhone = Release|iPhone
		Release|iPhoneSimulator = Release|iPhoneSimulator
		Release|x64 = Release|x64
		Release|x86 = Release|x86
	EndGlobalSection
	GlobalSection(ProjectConfigurationPlatforms) = postSolution
		{9A8474E2-3006-482D-AA1E-B47ED1BE22E4}.Debug|Any CPU.ActiveCfg = Debug|Any CPU
		{9A8474E2-3006-482D-AA1E-B47ED1BE22E4}.Debug|Any CPU.Build.0 = Debug|Any CPU
		{9A8474E2-3006-482D-AA1E-B47ED1BE22E4}.Debug|ARM.ActiveCfg = Debug|Any CPU
		{9A8474E2-3006-482D-AA1E-B47ED1BE22E4}.Debug|ARM.Build.0 = Debug|Any CPU
		{9A8474E2-3006-482D-AA1E-B47ED1BE22E4}.Debug|iPhone.ActiveCfg = Debug|Any CPU
		{9A8474E2-3006-482D-AA1E-B47ED1BE22E4}.Debug|iPhone.Build.0 = Debug|Any CPU
		{9A8474E2-3006-482D-AA1E-B47ED1BE22E4}.Debug|iPhoneSimulator.ActiveCfg = Debug|Any CPU
		{9A8474E2-3006-482D-AA1E-B47ED1BE22E4}.Debug|iPhoneSimulator.Build.0 = Debug|Any CPU
		{9A8474E2-3006-482D-AA1E-B47ED1BE22E4}.Debug|x64.ActiveCfg = Debug|Any CPU
		{9A8474E2-3006-482D-AA1E-B47ED1BE22E4}.Debug|x64.Build.0 = Debug|Any CPU
		{9A8474E2-3006-482D-AA1E-B47ED1BE22E4}.Debug|x86.ActiveCfg = Debug|Any CPU
		{9A8474E2-3006-482D-AA1E-B47ED1BE22E4}.Debug|x86.Build.0 = Debug|Any CPU
		{9A8474E2-3006-482D-AA1E-B47ED1BE22E4}.Release|Any CPU.ActiveCfg = Release|Any CPU
		{9A8474E2-3006-482D-AA1E-B47ED1BE22E4}.Release|Any CPU.Build.0 = Release|Any CPU
		{9A8474E2-3006-482D-AA1E-B47ED1BE22E4}.Release|ARM.ActiveCfg = Release|Any CPU
		{9A8474E2-3006-482D-AA1E-B47ED1BE22E4}.Release|ARM.Build.0 = Release|Any CPU
		{9A8474E2-3006-482D-AA1E-B47ED1BE22E4}.Release|iPhone.ActiveCfg = Release|Any CPU
		{9A8474E2-3006-482D-AA1E-B47ED1BE22E4}.Release|iPhone.Build.0 = Release|Any CPU
		{9A8474E2-3006-482D-AA1E-B47ED1BE22E4}.Release|iPhoneSimulator.ActiveCfg = Release|Any CPU
		{9A8474E2-3006-482D-AA1E-B47ED1BE22E4}.Release|iPhoneSimulator.Build.0 = Release|Any CPU
		{9A8474E2-3006-482D-AA1E-B47ED1BE22E4}.Release|x64.ActiveCfg = Release|Any CPU
		{9A8474E2-3006-482D-AA1E-B47ED1BE22E4}.Release|x64.Build.0 = Release|Any CPU
		{9A8474E2-3006-482D-AA1E-B47ED1BE22E4}.Release|x86.ActiveCfg = Release|Any CPU
		{9A8474E2-3006-482D-AA1E-B47ED1BE22E4}.Release|x86.Build.0 = Release|Any CPU
		{7BF1D2E4-051C-4DFA-BA9D-E1FC6A1063E5}.Debug|Any CPU.ActiveCfg = Debug|Any CPU
		{7BF1D2E4-051C-4DFA-BA9D-E1FC6A1063E5}.Debug|Any CPU.Build.0 = Debug|Any CPU
		{7BF1D2E4-051C-4DFA-BA9D-E1FC6A1063E5}.Debug|ARM.ActiveCfg = Debug|Any CPU
		{7BF1D2E4-051C-4DFA-BA9D-E1FC6A1063E5}.Debug|ARM.Build.0 = Debug|Any CPU
		{7BF1D2E4-051C-4DFA-BA9D-E1FC6A1063E5}.Debug|iPhone.ActiveCfg = Debug|Any CPU
		{7BF1D2E4-051C-4DFA-BA9D-E1FC6A1063E5}.Debug|iPhone.Build.0 = Debug|Any CPU
		{7BF1D2E4-051C-4DFA-BA9D-E1FC6A1063E5}.Debug|iPhoneSimulator.ActiveCfg = Debug|Any CPU
		{7BF1D2E4-051C-4DFA-BA9D-E1FC6A1063E5}.Debug|iPhoneSimulator.Build.0 = Debug|Any CPU
		{7BF1D2E4-051C-4DFA-BA9D-E1FC6A1063E5}.Debug|x64.ActiveCfg = Debug|Any CPU
		{7BF1D2E4-051C-4DFA-BA9D-E1FC6A1063E5}.Debug|x64.Build.0 = Debug|Any CPU
		{7BF1D2E4-051C-4DFA-BA9D-E1FC6A1063E5}.Debug|x86.ActiveCfg = Debug|Any CPU
		{7BF1D2E4-051C-4DFA-BA9D-E1FC6A1063E5}.Debug|x86.Build.0 = Debug|Any CPU
		{7BF1D2E4-051C-4DFA-BA9D-E1FC6A1063E5}.Release|Any CPU.ActiveCfg = Release|Any CPU
		{7BF1D2E4-051C-4DFA-BA9D-E1FC6A1063E5}.Release|Any CPU.Build.0 = Release|Any CPU
		{7BF1D2E4-051C-4DFA-BA9D-E1FC6A1063E5}.Release|ARM.ActiveCfg = Release|Any CPU
		{7BF1D2E4-051C-4DFA-BA9D-E1FC6A1063E5}.Release|ARM.Build.0 = Release|Any CPU
		{7BF1D2E4-051C-4DFA-BA9D-E1FC6A1063E5}.Release|iPhone.ActiveCfg = Release|Any CPU
		{7BF1D2E4-051C-4DFA-BA9D-E1FC6A1063E5}.Release|iPhone.Build.0 = Release|Any CPU
		{7BF1D2E4-051C-4DFA-BA9D-E1FC6A1063E5}.Release|iPhoneSimulator.ActiveCfg = Release|Any CPU
		{7BF1D2E4-051C-4DFA-BA9D-E1FC6A1063E5}.Release|iPhoneSimulator.Build.0 = Release|Any CPU
		{7BF1D2E4-051C-4DFA-BA9D-E1FC6A1063E5}.Release|x64.ActiveCfg = Release|Any CPU
		{7BF1D2E4-051C-4DFA-BA9D-E1FC6A1063E5}.Release|x64.Build.0 = Release|Any CPU
		{7BF1D2E4-051C-4DFA-BA9D-E1FC6A1063E5}.Release|x86.ActiveCfg = Release|Any CPU
		{7BF1D2E4-051C-4DFA-BA9D-E1FC6A1063E5}.Release|x86.Build.0 = Release|Any CPU
		{B6031D62-CCEB-44A2-86E4-078254123C7B}.Debug|Any CPU.ActiveCfg = Debug|Any CPU
		{B6031D62-CCEB-44A2-86E4-078254123C7B}.Debug|Any CPU.Build.0 = Debug|Any CPU
		{B6031D62-CCEB-44A2-86E4-078254123C7B}.Debug|ARM.ActiveCfg = Debug|Any CPU
		{B6031D62-CCEB-44A2-86E4-078254123C7B}.Debug|ARM.Build.0 = Debug|Any CPU
		{B6031D62-CCEB-44A2-86E4-078254123C7B}.Debug|iPhone.ActiveCfg = Debug|Any CPU
		{B6031D62-CCEB-44A2-86E4-078254123C7B}.Debug|iPhone.Build.0 = Debug|Any CPU
		{B6031D62-CCEB-44A2-86E4-078254123C7B}.Debug|iPhoneSimulator.ActiveCfg = Debug|Any CPU
		{B6031D62-CCEB-44A2-86E4-078254123C7B}.Debug|iPhoneSimulator.Build.0 = Debug|Any CPU
		{B6031D62-CCEB-44A2-86E4-078254123C7B}.Debug|x64.ActiveCfg = Debug|Any CPU
		{B6031D62-CCEB-44A2-86E4-078254123C7B}.Debug|x64.Build.0 = Debug|Any CPU
		{B6031D62-CCEB-44A2-86E4-078254123C7B}.Debug|x86.ActiveCfg = Debug|Any CPU
		{B6031D62-CCEB-44A2-86E4-078254123C7B}.Debug|x86.Build.0 = Debug|Any CPU
		{B6031D62-CCEB-44A2-86E4-078254123C7B}.Release|Any CPU.ActiveCfg = Release|Any CPU
		{B6031D62-CCEB-44A2-86E4-078254123C7B}.Release|Any CPU.Build.0 = Release|Any CPU
		{B6031D62-CCEB-44A2-86E4-078254123C7B}.Release|ARM.ActiveCfg = Release|Any CPU
		{B6031D62-CCEB-44A2-86E4-078254123C7B}.Release|ARM.Build.0 = Release|Any CPU
		{B6031D62-CCEB-44A2-86E4-078254123C7B}.Release|iPhone.ActiveCfg = Release|Any CPU
		{B6031D62-CCEB-44A2-86E4-078254123C7B}.Release|iPhone.Build.0 = Release|Any CPU
		{B6031D62-CCEB-44A2-86E4-078254123C7B}.Release|iPhoneSimulator.ActiveCfg = Release|Any CPU
		{B6031D62-CCEB-44A2-86E4-078254123C7B}.Release|iPhoneSimulator.Build.0 = Release|Any CPU
		{B6031D62-CCEB-44A2-86E4-078254123C7B}.Release|x64.ActiveCfg = Release|Any CPU
		{B6031D62-CCEB-44A2-86E4-078254123C7B}.Release|x64.Build.0 = Release|Any CPU
		{B6031D62-CCEB-44A2-86E4-078254123C7B}.Release|x86.ActiveCfg = Release|Any CPU
		{B6031D62-CCEB-44A2-86E4-078254123C7B}.Release|x86.Build.0 = Release|Any CPU
		{98D97AAE-1586-4D44-9304-CA962B1639AA}.Debug|Any CPU.ActiveCfg = Debug|Any CPU
		{98D97AAE-1586-4D44-9304-CA962B1639AA}.Debug|Any CPU.Build.0 = Debug|Any CPU
		{98D97AAE-1586-4D44-9304-CA962B1639AA}.Debug|ARM.ActiveCfg = Debug|Any CPU
		{98D97AAE-1586-4D44-9304-CA962B1639AA}.Debug|ARM.Build.0 = Debug|Any CPU
		{98D97AAE-1586-4D44-9304-CA962B1639AA}.Debug|iPhone.ActiveCfg = Debug|Any CPU
		{98D97AAE-1586-4D44-9304-CA962B1639AA}.Debug|iPhone.Build.0 = Debug|Any CPU
		{98D97AAE-1586-4D44-9304-CA962B1639AA}.Debug|iPhoneSimulator.ActiveCfg = Debug|Any CPU
		{98D97AAE-1586-4D44-9304-CA962B1639AA}.Debug|iPhoneSimulator.Build.0 = Debug|Any CPU
		{98D97AAE-1586-4D44-9304-CA962B1639AA}.Debug|x64.ActiveCfg = Debug|Any CPU
		{98D97AAE-1586-4D44-9304-CA962B1639AA}.Debug|x64.Build.0 = Debug|Any CPU
		{98D97AAE-1586-4D44-9304-CA962B1639AA}.Debug|x86.ActiveCfg = Debug|Any CPU
		{98D97AAE-1586-4D44-9304-CA962B1639AA}.Debug|x86.Build.0 = Debug|Any CPU
		{98D97AAE-1586-4D44-9304-CA962B1639AA}.Release|Any CPU.ActiveCfg = Release|Any CPU
		{98D97AAE-1586-4D44-9304-CA962B1639AA}.Release|Any CPU.Build.0 = Release|Any CPU
		{98D97AAE-1586-4D44-9304-CA962B1639AA}.Release|ARM.ActiveCfg = Release|Any CPU
		{98D97AAE-1586-4D44-9304-CA962B1639AA}.Release|ARM.Build.0 = Release|Any CPU
		{98D97AAE-1586-4D44-9304-CA962B1639AA}.Release|iPhone.ActiveCfg = Release|Any CPU
		{98D97AAE-1586-4D44-9304-CA962B1639AA}.Release|iPhone.Build.0 = Release|Any CPU
		{98D97AAE-1586-4D44-9304-CA962B1639AA}.Release|iPhoneSimulator.ActiveCfg = Release|Any CPU
		{98D97AAE-1586-4D44-9304-CA962B1639AA}.Release|iPhoneSimulator.Build.0 = Release|Any CPU
		{98D97AAE-1586-4D44-9304-CA962B1639AA}.Release|x64.ActiveCfg = Release|Any CPU
		{98D97AAE-1586-4D44-9304-CA962B1639AA}.Release|x64.Build.0 = Release|Any CPU
		{98D97AAE-1586-4D44-9304-CA962B1639AA}.Release|x86.ActiveCfg = Release|Any CPU
		{98D97AAE-1586-4D44-9304-CA962B1639AA}.Release|x86.Build.0 = Release|Any CPU
		{3FE55D16-3740-4FA6-803B-5086B356603E}.Debug|Any CPU.ActiveCfg = Debug|Any CPU
		{3FE55D16-3740-4FA6-803B-5086B356603E}.Debug|Any CPU.Build.0 = Debug|Any CPU
		{3FE55D16-3740-4FA6-803B-5086B356603E}.Debug|ARM.ActiveCfg = Debug|Any CPU
		{3FE55D16-3740-4FA6-803B-5086B356603E}.Debug|ARM.Build.0 = Debug|Any CPU
		{3FE55D16-3740-4FA6-803B-5086B356603E}.Debug|iPhone.ActiveCfg = Debug|Any CPU
		{3FE55D16-3740-4FA6-803B-5086B356603E}.Debug|iPhone.Build.0 = Debug|Any CPU
		{3FE55D16-3740-4FA6-803B-5086B356603E}.Debug|iPhoneSimulator.ActiveCfg = Debug|Any CPU
		{3FE55D16-3740-4FA6-803B-5086B356603E}.Debug|iPhoneSimulator.Build.0 = Debug|Any CPU
		{3FE55D16-3740-4FA6-803B-5086B356603E}.Debug|x64.ActiveCfg = Debug|Any CPU
		{3FE55D16-3740-4FA6-803B-5086B356603E}.Debug|x64.Build.0 = Debug|Any CPU
		{3FE55D16-3740-4FA6-803B-5086B356603E}.Debug|x86.ActiveCfg = Debug|Any CPU
		{3FE55D16-3740-4FA6-803B-5086B356603E}.Debug|x86.Build.0 = Debug|Any CPU
		{3FE55D16-3740-4FA6-803B-5086B356603E}.Release|Any CPU.ActiveCfg = Release|Any CPU
		{3FE55D16-3740-4FA6-803B-5086B356603E}.Release|Any CPU.Build.0 = Release|Any CPU
		{3FE55D16-3740-4FA6-803B-5086B356603E}.Release|ARM.ActiveCfg = Release|Any CPU
		{3FE55D16-3740-4FA6-803B-5086B356603E}.Release|ARM.Build.0 = Release|Any CPU
		{3FE55D16-3740-4FA6-803B-5086B356603E}.Release|iPhone.ActiveCfg = Release|Any CPU
		{3FE55D16-3740-4FA6-803B-5086B356603E}.Release|iPhone.Build.0 = Release|Any CPU
		{3FE55D16-3740-4FA6-803B-5086B356603E}.Release|iPhoneSimulator.ActiveCfg = Release|Any CPU
		{3FE55D16-3740-4FA6-803B-5086B356603E}.Release|iPhoneSimulator.Build.0 = Release|Any CPU
		{3FE55D16-3740-4FA6-803B-5086B356603E}.Release|x64.ActiveCfg = Release|Any CPU
		{3FE55D16-3740-4FA6-803B-5086B356603E}.Release|x64.Build.0 = Release|Any CPU
		{3FE55D16-3740-4FA6-803B-5086B356603E}.Release|x86.ActiveCfg = Release|Any CPU
		{3FE55D16-3740-4FA6-803B-5086B356603E}.Release|x86.Build.0 = Release|Any CPU
		{70BB23E2-E8DD-4468-8C16-FC54B72DF0E5}.Debug|Any CPU.ActiveCfg = Debug|Any CPU
		{70BB23E2-E8DD-4468-8C16-FC54B72DF0E5}.Debug|Any CPU.Build.0 = Debug|Any CPU
		{70BB23E2-E8DD-4468-8C16-FC54B72DF0E5}.Debug|ARM.ActiveCfg = Debug|Any CPU
		{70BB23E2-E8DD-4468-8C16-FC54B72DF0E5}.Debug|ARM.Build.0 = Debug|Any CPU
		{70BB23E2-E8DD-4468-8C16-FC54B72DF0E5}.Debug|iPhone.ActiveCfg = Debug|Any CPU
		{70BB23E2-E8DD-4468-8C16-FC54B72DF0E5}.Debug|iPhone.Build.0 = Debug|Any CPU
		{70BB23E2-E8DD-4468-8C16-FC54B72DF0E5}.Debug|iPhoneSimulator.ActiveCfg = Debug|Any CPU
		{70BB23E2-E8DD-4468-8C16-FC54B72DF0E5}.Debug|iPhoneSimulator.Build.0 = Debug|Any CPU
		{70BB23E2-E8DD-4468-8C16-FC54B72DF0E5}.Debug|x64.ActiveCfg = Debug|Any CPU
		{70BB23E2-E8DD-4468-8C16-FC54B72DF0E5}.Debug|x64.Build.0 = Debug|Any CPU
		{70BB23E2-E8DD-4468-8C16-FC54B72DF0E5}.Debug|x86.ActiveCfg = Debug|Any CPU
		{70BB23E2-E8DD-4468-8C16-FC54B72DF0E5}.Debug|x86.Build.0 = Debug|Any CPU
		{70BB23E2-E8DD-4468-8C16-FC54B72DF0E5}.Release|Any CPU.ActiveCfg = Release|Any CPU
		{70BB23E2-E8DD-4468-8C16-FC54B72DF0E5}.Release|Any CPU.Build.0 = Release|Any CPU
		{70BB23E2-E8DD-4468-8C16-FC54B72DF0E5}.Release|ARM.ActiveCfg = Release|Any CPU
		{70BB23E2-E8DD-4468-8C16-FC54B72DF0E5}.Release|ARM.Build.0 = Release|Any CPU
		{70BB23E2-E8DD-4468-8C16-FC54B72DF0E5}.Release|iPhone.ActiveCfg = Release|Any CPU
		{70BB23E2-E8DD-4468-8C16-FC54B72DF0E5}.Release|iPhone.Build.0 = Release|Any CPU
		{70BB23E2-E8DD-4468-8C16-FC54B72DF0E5}.Release|iPhoneSimulator.ActiveCfg = Release|Any CPU
		{70BB23E2-E8DD-4468-8C16-FC54B72DF0E5}.Release|iPhoneSimulator.Build.0 = Release|Any CPU
		{70BB23E2-E8DD-4468-8C16-FC54B72DF0E5}.Release|x64.ActiveCfg = Release|Any CPU
		{70BB23E2-E8DD-4468-8C16-FC54B72DF0E5}.Release|x64.Build.0 = Release|Any CPU
		{70BB23E2-E8DD-4468-8C16-FC54B72DF0E5}.Release|x86.ActiveCfg = Release|Any CPU
		{70BB23E2-E8DD-4468-8C16-FC54B72DF0E5}.Release|x86.Build.0 = Release|Any CPU
	EndGlobalSection
	GlobalSection(SolutionProperties) = preSolution
		HideSolutionNode = FALSE
	EndGlobalSection
	GlobalSection(ExtensibilityGlobals) = postSolution
		SolutionGuid = {7914BD83-74A0-4B62-A566-650E56BCE97C}
	EndGlobalSection
	GlobalSection(NestedProjects) = preSolution
		{5DCF57C3-9492-4B78-BEC6-3AD7BAB28F7C} = {5CF69506-912D-4875-B3C3-98E347568C31}
		{98D97AAE-1586-4D44-9304-CA962B1639AA} = {5DCF57C3-9492-4B78-BEC6-3AD7BAB28F7C}
		{3FE55D16-3740-4FA6-803B-5086B356603E} = {312CEBAA-7AA8-406C-90BE-16D35641968D}
	EndGlobalSection
EndGlobal
